# This file was autogenerated by Stack.
# You should not edit this file by hand.
# For more information, please see the documentation at:
#   https://docs.haskellstack.org/en/stable/lock_files

packages:
- completed:
    size: 30022828
    subdir: lib/amazonka
    url: https://github.com/brendanhay/amazonka/archive/9bdcef5ed7913b938cf7c2d887d41ce3bd25efa9.tar.gz
    name: amazonka
    version: '2.0'
    sha256: 41f943e8f855b09e5d0855115c5347950dab4a4617adbdd2eb6e3aecb0e362ff
    pantry-tree:
      size: 1318
      sha256: 9257f5a03942cfb5c427bed9850828bdfdca6b4b5ee053d8036c4e477fb85a52
  original:
    subdir: lib/amazonka
    url: https://github.com/brendanhay/amazonka/archive/9bdcef5ed7913b938cf7c2d887d41ce3bd25efa9.tar.gz
- completed:
    size: 30022828
    subdir: lib/amazonka-core
    url: https://github.com/brendanhay/amazonka/archive/9bdcef5ed7913b938cf7c2d887d41ce3bd25efa9.tar.gz
    name: amazonka-core
    version: '2.0'
    sha256: 41f943e8f855b09e5d0855115c5347950dab4a4617adbdd2eb6e3aecb0e362ff
    pantry-tree:
      size: 3192
      sha256: 8707039e4fb7c575fbcd04906e4f541948ed152534da6d3830b9675badb4c71d
  original:
    subdir: lib/amazonka-core
    url: https://github.com/brendanhay/amazonka/archive/9bdcef5ed7913b938cf7c2d887d41ce3bd25efa9.tar.gz
- completed:
    size: 30022828
    subdir: lib/services/amazonka-sso
    url: https://github.com/brendanhay/amazonka/archive/9bdcef5ed7913b938cf7c2d887d41ce3bd25efa9.tar.gz
    name: amazonka-sso
    version: '2.0'
    sha256: 41f943e8f855b09e5d0855115c5347950dab4a4617adbdd2eb6e3aecb0e362ff
    pantry-tree:
      size: 1869
      sha256: e9a165eda0567cdf0581d29d8b1e9fe2df543474d7c70590e04ec1047ebe6d48
  original:
    subdir: lib/services/amazonka-sso
    url: https://github.com/brendanhay/amazonka/archive/9bdcef5ed7913b938cf7c2d887d41ce3bd25efa9.tar.gz
- completed:
    size: 30022828
    subdir: lib/services/amazonka-sts
    url: https://github.com/brendanhay/amazonka/archive/9bdcef5ed7913b938cf7c2d887d41ce3bd25efa9.tar.gz
    name: amazonka-sts
    version: '2.0'
    sha256: 41f943e8f855b09e5d0855115c5347950dab4a4617adbdd2eb6e3aecb0e362ff
    pantry-tree:
      size: 2932
      sha256: 3a0d4983a363e953e6dc651d1aaa6ca30755a16c01edf63e5104ece7745e3954
  original:
    subdir: lib/services/amazonka-sts
    url: https://github.com/brendanhay/amazonka/archive/9bdcef5ed7913b938cf7c2d887d41ce3bd25efa9.tar.gz
- completed:
    size: 30022828
    subdir: lib/services/amazonka-sns
    url: https://github.com/brendanhay/amazonka/archive/9bdcef5ed7913b938cf7c2d887d41ce3bd25efa9.tar.gz
    name: amazonka-sns
    version: '2.0'
    sha256: 41f943e8f855b09e5d0855115c5347950dab4a4617adbdd2eb6e3aecb0e362ff
    pantry-tree:
      size: 11407
      sha256: e0ad01932586e6c753ec7ed9963f810efb28b110ceaa06100eddf90b7f4ada09
  original:
    subdir: lib/services/amazonka-sns
    url: https://github.com/brendanhay/amazonka/archive/9bdcef5ed7913b938cf7c2d887d41ce3bd25efa9.tar.gz
- completed:
    hackage: raven-haskell-0.1.4.1@sha256:0d27e37968327faba577558a2ee4465ebfd3b6929b09cf4881dfa62a6873c85a,1393
    pantry-tree:
      size: 632
      sha256: 1ecea1bcd6e0838239c27c924cbf8a3ffd4df439eca2bf310cabd043fd4644f8
  original:
    hackage: raven-haskell-0.1.4.1
- completed:
    hackage: hspec-wai-json-0.11.0@sha256:a992e6587468119a8092edc7a8af9153c718418c5d945ff3bf7a07916e4dd4a0,1706
    pantry-tree:
      size: 349
      sha256: b494c2cab92667d33155794b752a84c62737548cf6232a6e7156e5cd7962aa1d
  original:
    hackage: hspec-wai-json-0.11.0
- completed:
    size: 9404
    url: https://github.com/transportapi/haskell-postgis/archive/fc0cbcdb49b35d18cfca01c1b8a9bb501e053377.tar.gz
    name: haskell-postgis
    version: 0.2.0
    sha256: 279cb9e318abf1dea9ae34da207764466ae8624ff27d0ea9c89d920009024469
    pantry-tree:
      size: 823
      sha256: 4241bdc80dab652befa68a15adedfdf45bf5551ffcb594da259034eeda429281
  original:
    url: https://github.com/transportapi/haskell-postgis/archive/fc0cbcdb49b35d18cfca01c1b8a9bb501e053377.tar.gz
snapshots:
- completed:
    size: 619399
    url: https://raw.githubusercontent.com/commercialhaskell/stackage-snapshots/master/lts/19/22.yaml
    sha256: 5098594e71bdefe0c13e9e6236f12e3414ef91a2b89b029fd30e8fc8087f3a07
  original: lts-19.22
